{
  "name": "joytest",
  "version": "0.11.0",
  "lockfileVersion": 3,
  "requires": true,
  "packages": {
    "": {
      "name": "joytest",
      "version": "0.11.0",
      "license": "MIT",
      "bin": {
        "joytest": "dist/cli.mjs"
      },
      "devDependencies": {
        "@anio-js-foundation/create-promise": "^2.0.0",
        "@anio-js-foundation/create-worker": "^1.0.0",
        "@anio-js-foundation/fn-measure-execution-time": "^2.0.0",
        "@anio-js-foundation/run-promises-in-parallel": "^1.0.0",
        "@anio-js-foundation/shuffle-array-in-place": "^2.0.0",
        "@anio-js-foundation/simple-event-emitter": "^1.0.0",
        "@anio-js-foundation/str-colorize": "^2.1.0",
        "@anio-node-foundation/cli-parse-args": "^3.0.0",
        "@anio-node-foundation/fs-scandir": "^3.0.0",
        "@joytest/create-runner": "^1.1.0",
        "@joytest/test-api": "^3.1.0",
        "@vipen/target-js": "^0.18.0",
        "vipen": "^0.2.4"
      }
    },
    "node_modules/@anio-js-foundation/alphabet-identifier-generator": {
      "version": "1.0.0",
      "resolved": "https://registry.npmjs.org/@anio-js-foundation/alphabet-identifier-generator/-/alphabet-identifier-generator-1.0.0.tgz",
      "integrity": "sha512-5iX/tThCxTWjIfm2VgQD08jycjRNVaRnqZxRfZc8zlK0h6Xcd2lyByRpGDmq1sM2tTDiN7h5wurxXPcpJEfIQw==",
      "dev": true
    },
    "node_modules/@anio-js-foundation/create-promise": {
      "version": "2.0.0",
      "resolved": "https://registry.npmjs.org/@anio-js-foundation/create-promise/-/create-promise-2.0.0.tgz",
      "integrity": "sha512-H4ctDzhwXoExcKhIq1Yi5rr0hxP/2OyrOst8yBLY8P35pa+M7I2pl49IFkojPE4ToQzpz9fBcAAQnZyArjSyTg==",
      "dev": true
    },
    "node_modules/@anio-js-foundation/create-random-identifier": {
      "version": "2.0.0",
      "resolved": "https://registry.npmjs.org/@anio-js-foundation/create-random-identifier/-/create-random-identifier-2.0.0.tgz",
      "integrity": "sha512-BGhlCVYGXTORIh9zbulz9pvCEVe/TRZUWmKeiJcHzY3Q9dXCf1Xs8op15q6kUog6OYFg9hlX7kkA7gyVoMpIQg==",
      "dev": true
    },
    "node_modules/@anio-js-foundation/create-temporary-resource": {
      "version": "2.0.0",
      "resolved": "https://registry.npmjs.org/@anio-js-foundation/create-temporary-resource/-/create-temporary-resource-2.0.0.tgz",
      "integrity": "sha512-bZ7tpVadiO/QsPCQBuiX9EoAGUTCfYf6eK4Vts5D3FM6udKszZoG4tBxTsCs/ns0ZOzVRcgPkBa17jGJTiiq3g==",
      "dev": true
    },
    "node_modules/@anio-js-foundation/create-worker": {
      "version": "1.0.0",
      "resolved": "https://registry.npmjs.org/@anio-js-foundation/create-worker/-/create-worker-1.0.0.tgz",
      "integrity": "sha512-2UR+ssEo6lt+2BPlzqO83pUN5sKicBFpiTmo7Be8aUMvqjdlzTsukKHf7ZiTVJ+o+JOYJFagFV+ATt4LcgocMg==",
      "dev": true
    },
    "node_modules/@anio-js-foundation/error-object-to-string": {
      "version": "2.0.0",
      "resolved": "https://registry.npmjs.org/@anio-js-foundation/error-object-to-string/-/error-object-to-string-2.0.0.tgz",
      "integrity": "sha512-qMaKlpU90h1A+4rkDjYcb1LFkwl2GM7BvRDPTForLYb3MD5kVB9UI62uXbGzctpg6N29XzAGsuB4sHIGvAKYpQ==",
      "dev": true
    },
    "node_modules/@anio-js-foundation/fn-measure-execution-time": {
      "version": "2.0.0",
      "resolved": "https://registry.npmjs.org/@anio-js-foundation/fn-measure-execution-time/-/fn-measure-execution-time-2.0.0.tgz",
      "integrity": "sha512-rJtb4D0dwqanjeWQ4EwaW0dzqHXa5V5AZ6SBvM9kfc7iqvVPhslLLJpjNvczv5Gz63/IniYm5/w3VzfOvl+5xQ==",
      "dev": true
    },
    "node_modules/@anio-js-foundation/generate-object-literal": {
      "version": "1.1.0",
      "resolved": "https://registry.npmjs.org/@anio-js-foundation/generate-object-literal/-/generate-object-literal-1.1.0.tgz",
      "integrity": "sha512-C6LrZtOANdv2uxvMi1ICluLwuycSpokxcs3yMfFyILwtjMJtgoHk6BQufa8h8txv+l3xOSeQLnCVf1Xgx5EO7A==",
      "dev": true
    },
    "node_modules/@anio-js-foundation/is-node": {
      "version": "2.0.0",
      "resolved": "https://registry.npmjs.org/@anio-js-foundation/is-node/-/is-node-2.0.0.tgz",
      "integrity": "sha512-fxjcwH5RFns0Empyl/tXd8SsOQACBa1juNlEITeUSQcJ3x/7Bevm1CqSWH0nM17g7fHtJz8E7LLDKi5lnMnT4w==",
      "dev": true
    },
    "node_modules/@anio-js-foundation/run-fn-with-timeout": {
      "version": "2.0.0",
      "resolved": "https://registry.npmjs.org/@anio-js-foundation/run-fn-with-timeout/-/run-fn-with-timeout-2.0.0.tgz",
      "integrity": "sha512-+iyg7Tl9GU/mVsoBQXT5m1/7l5jZYEb3mb/ZQH+WcZdkRiMHD83WBzguuq78FFWlvOvvde9Vld8jJwm4/i7pbw==",
      "dev": true
    },
    "node_modules/@anio-js-foundation/run-promises-in-parallel": {
      "version": "1.0.0",
      "resolved": "https://registry.npmjs.org/@anio-js-foundation/run-promises-in-parallel/-/run-promises-in-parallel-1.0.0.tgz",
      "integrity": "sha512-skx2D0sWMIOaGJPYw32JCK7d1oug4H1AUONPUglBowdIGdhGdrNEEE2664iABYxZvfj5kU384KiuwDNzR1gc6Q==",
      "dev": true
    },
    "node_modules/@anio-js-foundation/shuffle-array-in-place": {
      "version": "2.0.0",
      "resolved": "https://registry.npmjs.org/@anio-js-foundation/shuffle-array-in-place/-/shuffle-array-in-place-2.0.0.tgz",
      "integrity": "sha512-rUeZpOgC8MSjvVFDID1db4kffdsbyiUrUziWurTtf60pTMRjqG4mL299JTC5jtTOmkEje51WowpzrKdlQkSoMQ==",
      "dev": true
    },
    "node_modules/@anio-js-foundation/simple-event-emitter": {
      "version": "1.0.0",
      "resolved": "https://registry.npmjs.org/@anio-js-foundation/simple-event-emitter/-/simple-event-emitter-1.0.0.tgz",
      "integrity": "sha512-va3ftXd3+eOCYvMjhCyXb76KLaT0RulnX0BOybxa7l5auZO1hHUzNFKbWJ3hdCJUr70LuTcTsNX/bnZ4St4kDA==",
      "dev": true
    },
    "node_modules/@anio-js-foundation/str-colorize": {
      "version": "2.1.0",
      "resolved": "https://registry.npmjs.org/@anio-js-foundation/str-colorize/-/str-colorize-2.1.0.tgz",
      "integrity": "sha512-p3ZIaBZGdMzX52jdHHlhl2c2sgqhhvtBQ6AQSoQ5lmvkpmDZga9/b172xhrSRx0gQH8/g94m+5wRwUjBOh6Z0w==",
      "dev": true
    },
    "node_modules/@anio-js-foundation/strip-prefix": {
      "version": "1.0.0",
      "resolved": "https://registry.npmjs.org/@anio-js-foundation/strip-prefix/-/strip-prefix-1.0.0.tgz",
      "integrity": "sha512-wafp6VahQ9E7XcwAx5lo2axIvd/uLAvCk9v7CfQSbSwf2/UxtJhz3Y5BJW7NeoFc17arWeP4ogjRvv6K6a9kHg==",
      "dev": true
    },
    "node_modules/@anio-js-foundation/strip-suffix": {
      "version": "3.0.1",
      "resolved": "https://registry.npmjs.org/@anio-js-foundation/strip-suffix/-/strip-suffix-3.0.1.tgz",
      "integrity": "sha512-2tFOVHjauYFSPDhJO9KmJWBqoi2m58LxmNIVh/P88IEIrguJq23rErgIGjiTdJasV/8rUW6r533I6HdTbFSnsQ==",
      "dev": true
    },
    "node_modules/@anio-node-foundation/cli-parse-args": {
      "version": "3.0.0",
      "resolved": "https://registry.npmjs.org/@anio-node-foundation/cli-parse-args/-/cli-parse-args-3.0.0.tgz",
      "integrity": "sha512-1/4iUcVKuZyLT7EMxyZogXgU6RfWklohWU0g5hsGOUEBqgKQ4PgePDrO6mUMw6neCBuQLbxAEhD/K+9kg6lGgg==",
      "dev": true
    },
    "node_modules/@anio-node-foundation/fs-find-nearest-file": {
      "version": "3.0.1",
      "resolved": "https://registry.npmjs.org/@anio-node-foundation/fs-find-nearest-file/-/fs-find-nearest-file-3.0.1.tgz",
      "integrity": "sha512-KYnkqr1B1KyQ/at1kTM4iDB120eCHeEsXVg/++s2bFJPLf7Sj7U//W7aQCSwoToUzT2eCIeFacNahbIJjKyrJA==",
      "dev": true
    },
    "node_modules/@anio-node-foundation/fs-scandir": {
      "version": "3.1.0",
      "resolved": "https://registry.npmjs.org/@anio-node-foundation/fs-scandir/-/fs-scandir-3.1.0.tgz",
      "integrity": "sha512-uzUMEpgpqsVLqBHzX/QkAOwKnUIcVfcNmqtdkLxkALA5oGn4tQQVylgGN3g8jMlI5CSrAJinJcYdGpkjBGNjTA==",
      "dev": true
    },
    "node_modules/@anio-node-foundation/fs-utils": {
      "version": "3.2.2",
      "resolved": "https://registry.npmjs.org/@anio-node-foundation/fs-utils/-/fs-utils-3.2.2.tgz",
      "integrity": "sha512-j5jkIM4N92dxlz/ABP0u5YZVTs7b0XYSApxiqIwGCcTx4tB2t6nuXOgHVpxNJHK6nnV1JZd5gyzPmljamca/XQ==",
      "dev": true
    },
    "node_modules/@anio-software/fs": {
      "version": "0.1.1",
      "resolved": "https://registry.npmjs.org/@anio-software/fs/-/fs-0.1.1.tgz",
      "integrity": "sha512-63Aig5Jw9y5PaFiBLasboQb+W9l+rVY95MVOXgMlOsjQw8x2lKQaei1hWs8Qibf3SbUXoh7+Zh35y7O4AcWJiA==",
      "dev": true
    },
    "node_modules/@babel/code-frame": {
      "version": "7.24.2",
      "resolved": "https://registry.npmjs.org/@babel/code-frame/-/code-frame-7.24.2.tgz",
      "integrity": "sha512-y5+tLQyV8pg3fsiln67BVLD1P13Eg4lh5RW9mF0zUuvLrv9uIQ4MCL+CRT+FTsBlBjcIan6PGsLcBN0m3ClUyQ==",
      "dev": true,
      "optional": true,
      "dependencies": {
        "@babel/highlight": "^7.24.2",
        "picocolors": "^1.0.0"
      },
      "engines": {
        "node": ">=6.9.0"
      }
    },
    "node_modules/@babel/helper-validator-identifier": {
      "version": "7.22.20",
      "resolved": "https://registry.npmjs.org/@babel/helper-validator-identifier/-/helper-validator-identifier-7.22.20.tgz",
      "integrity": "sha512-Y4OZ+ytlatR8AI+8KZfKuL5urKp7qey08ha31L8b3BwewJAoJamTzyvxPR/5D+KkdJCGPq/+8TukHBlY10FX9A==",
      "dev": true,
      "optional": true,
      "engines": {
        "node": ">=6.9.0"
      }
    },
    "node_modules/@babel/highlight": {
      "version": "7.24.2",
      "resolved": "https://registry.npmjs.org/@babel/highlight/-/highlight-7.24.2.tgz",
      "integrity": "sha512-Yac1ao4flkTxTteCDZLEvdxg2fZfz1v8M4QpaGypq/WPDqg3ijHYbDfs+LG5hvzSoqaSZ9/Z9lKSP3CjZjv+pA==",
      "dev": true,
      "optional": true,
      "dependencies": {
        "@babel/helper-validator-identifier": "^7.22.20",
        "chalk": "^2.4.2",
        "js-tokens": "^4.0.0",
        "picocolors": "^1.0.0"
      },
      "engines": {
        "node": ">=6.9.0"
      }
    },
    "node_modules/@joytest/create-runner": {
      "version": "1.1.0",
      "resolved": "https://registry.npmjs.org/@joytest/create-runner/-/create-runner-1.1.0.tgz",
      "integrity": "sha512-0RtQXeSwP2lhpY3trAZ7ZEqIk9HNaDxtXrJIidoAUGSmKvT6IG2Ol7cs5VxXRasXR+pbWte348P8u8zsRt/6Rw==",
      "dev": true
    },
    "node_modules/@joytest/expect": {
      "version": "3.0.1",
      "resolved": "https://registry.npmjs.org/@joytest/expect/-/expect-3.0.1.tgz",
      "integrity": "sha512-cSSAiS1f5mjsbFH2pz4ycJleFxh5IMNt4vQuDTiJuaZPkdOHrNPwOwjYOuSdXVybJWp3nQsqT2tyYG2JoFL9/w==",
      "dev": true
    },
    "node_modules/@joytest/test-api": {
      "version": "3.1.0",
      "resolved": "https://registry.npmjs.org/@joytest/test-api/-/test-api-3.1.0.tgz",
      "integrity": "sha512-HS3vcmuMFXSvZAxBCTC2DQGr+9/bGTOpzrglswP+J6r9SHBJJw9+ROArGWc6LCM4CCE4oW4ndRAxH1BRYEZrtw==",
      "dev": true,
      "dependencies": {
        "@anio-js-foundation/create-random-identifier": "^2.0.0",
        "@anio-js-foundation/error-object-to-string": "^2.0.0",
        "@anio-js-foundation/fn-measure-execution-time": "^2.0.0",
        "@anio-js-foundation/is-node": "^2.0.0",
        "@anio-js-foundation/run-fn-with-timeout": "^2.0.0",
        "@anio-js-foundation/strip-prefix": "^1.0.0",
        "@anio-node-foundation/fs-find-nearest-file": "^3.0.1",
        "@joytest/expect": "^3.0.1"
      }
    },
    "node_modules/@jridgewell/gen-mapping": {
      "version": "0.3.5",
      "resolved": "https://registry.npmjs.org/@jridgewell/gen-mapping/-/gen-mapping-0.3.5.tgz",
      "integrity": "sha512-IzL8ZoEDIBRWEzlCcRhOaCupYyN5gdIK+Q6fbFdPDg6HqX6jpkItn7DFIpW9LQzXG6Df9sA7+OKnq0qlz/GaQg==",
      "dev": true,
      "dependencies": {
        "@jridgewell/set-array": "^1.2.1",
        "@jridgewell/sourcemap-codec": "^1.4.10",
        "@jridgewell/trace-mapping": "^0.3.24"
      },
      "engines": {
        "node": ">=6.0.0"
      }
    },
    "node_modules/@jridgewell/resolve-uri": {
      "version": "3.1.2",
      "resolved": "https://registry.npmjs.org/@jridgewell/resolve-uri/-/resolve-uri-3.1.2.tgz",
      "integrity": "sha512-bRISgCIjP20/tbWSPWMEi54QVPRZExkuD9lJL+UIxUKtwVJA8wW1Trb1jMs1RFXo1CBTNZ/5hpC9QvmKWdopKw==",
      "dev": true,
      "engines": {
        "node": ">=6.0.0"
      }
    },
    "node_modules/@jridgewell/set-array": {
      "version": "1.2.1",
      "resolved": "https://registry.npmjs.org/@jridgewell/set-array/-/set-array-1.2.1.tgz",
      "integrity": "sha512-R8gLRTZeyp03ymzP/6Lil/28tGeGEzhx1q2k703KGWRAI1VdvPIXdG70VJc2pAMw3NA6JKL5hhFu1sJX0Mnn/A==",
      "dev": true,
      "engines": {
        "node": ">=6.0.0"
      }
    },
    "node_modules/@jridgewell/source-map": {
      "version": "0.3.6",
      "resolved": "https://registry.npmjs.org/@jridgewell/source-map/-/source-map-0.3.6.tgz",
      "integrity": "sha512-1ZJTZebgqllO79ue2bm3rIGud/bOe0pP5BjSRCRxxYkEZS8STV7zN84UBbiYu7jy+eCKSnVIUgoWWE/tt+shMQ==",
      "dev": true,
      "dependencies": {
        "@jridgewell/gen-mapping": "^0.3.5",
        "@jridgewell/trace-mapping": "^0.3.25"
      }
    },
    "node_modules/@jridgewell/sourcemap-codec": {
      "version": "1.4.15",
      "resolved": "https://registry.npmjs.org/@jridgewell/sourcemap-codec/-/sourcemap-codec-1.4.15.tgz",
      "integrity": "sha512-eF2rxCRulEKXHTRiDrDy6erMYWqNw4LPdQ8UQA4huuxaQsVeRPFl2oM8oDGxMFhJUWZf9McpLtJasDDZb/Bpeg==",
      "dev": true
    },
    "node_modules/@jridgewell/trace-mapping": {
      "version": "0.3.25",
      "resolved": "https://registry.npmjs.org/@jridgewell/trace-mapping/-/trace-mapping-0.3.25.tgz",
      "integrity": "sha512-vNk6aEwybGtawWmy/PzwnGDOjCkLWSD2wqvjGGAgOAwCGWySYXfYoxt00IJkTF+8Lb57DwOb3Aa0o9CApepiYQ==",
      "dev": true,
      "dependencies": {
        "@jridgewell/resolve-uri": "^3.1.0",
        "@jridgewell/sourcemap-codec": "^1.4.14"
      }
    },
    "node_modules/@rollup/plugin-node-resolve": {
      "version": "15.2.3",
      "resolved": "https://registry.npmjs.org/@rollup/plugin-node-resolve/-/plugin-node-resolve-15.2.3.tgz",
      "integrity": "sha512-j/lym8nf5E21LwBT4Df1VD6hRO2L2iwUeUmP7litikRsVp1H6NWx20NEp0Y7su+7XGc476GnXXc4kFeZNGmaSQ==",
      "dev": true,
      "dependencies": {
        "@rollup/pluginutils": "^5.0.1",
        "@types/resolve": "1.20.2",
        "deepmerge": "^4.2.2",
        "is-builtin-module": "^3.2.1",
        "is-module": "^1.0.0",
        "resolve": "^1.22.1"
      },
      "engines": {
        "node": ">=14.0.0"
      },
      "peerDependencies": {
        "rollup": "^2.78.0||^3.0.0||^4.0.0"
      },
      "peerDependenciesMeta": {
        "rollup": {
          "optional": true
        }
      }
    },
    "node_modules/@rollup/plugin-terser": {
      "version": "0.4.4",
      "resolved": "https://registry.npmjs.org/@rollup/plugin-terser/-/plugin-terser-0.4.4.tgz",
      "integrity": "sha512-XHeJC5Bgvs8LfukDwWZp7yeqin6ns8RTl2B9avbejt6tZqsqvVoWI7ZTQrcNsfKEDWBTnTxM8nMDkO2IFFbd0A==",
      "dev": true,
      "dependencies": {
        "serialize-javascript": "^6.0.1",
        "smob": "^1.0.0",
        "terser": "^5.17.4"
      },
      "engines": {
        "node": ">=14.0.0"
      },
      "peerDependencies": {
        "rollup": "^2.0.0||^3.0.0||^4.0.0"
      },
      "peerDependenciesMeta": {
        "rollup": {
          "optional": true
        }
      }
    },
    "node_modules/@rollup/pluginutils": {
      "version": "5.1.0",
      "resolved": "https://registry.npmjs.org/@rollup/pluginutils/-/pluginutils-5.1.0.tgz",
      "integrity": "sha512-XTIWOPPcpvyKI6L1NHo0lFlCyznUEyPmPY1mc3KpPVDYulHSTvyeLNVW00QTLIAFNhR3kYnJTQHeGqU4M3n09g==",
      "dev": true,
      "dependencies": {
        "@types/estree": "^1.0.0",
        "estree-walker": "^2.0.2",
        "picomatch": "^2.3.1"
      },
      "engines": {
        "node": ">=14.0.0"
      },
      "peerDependencies": {
        "rollup": "^1.20.0||^2.0.0||^3.0.0||^4.0.0"
      },
      "peerDependenciesMeta": {
        "rollup": {
          "optional": true
        }
      }
    },
    "node_modules/@rollup/rollup-android-arm-eabi": {
      "version": "4.14.0",
      "resolved": "https://registry.npmjs.org/@rollup/rollup-android-arm-eabi/-/rollup-android-arm-eabi-4.14.0.tgz",
      "integrity": "sha512-jwXtxYbRt1V+CdQSy6Z+uZti7JF5irRKF8hlKfEnF/xJpcNGuuiZMBvuoYM+x9sr9iWGnzrlM0+9hvQ1kgkf1w==",
      "cpu": [
        "arm"
      ],
      "dev": true,
      "optional": true,
      "os": [
        "android"
      ]
    },
    "node_modules/@rollup/rollup-android-arm64": {
      "version": "4.14.0",
      "resolved": "https://registry.npmjs.org/@rollup/rollup-android-arm64/-/rollup-android-arm64-4.14.0.tgz",
      "integrity": "sha512-fI9nduZhCccjzlsA/OuAwtFGWocxA4gqXGTLvOyiF8d+8o0fZUeSztixkYjcGq1fGZY3Tkq4yRvHPFxU+jdZ9Q==",
      "cpu": [
        "arm64"
      ],
      "dev": true,
      "optional": true,
      "os": [
        "android"
      ]
    },
    "node_modules/@rollup/rollup-darwin-arm64": {
      "version": "4.14.0",
      "resolved": "https://registry.npmjs.org/@rollup/rollup-darwin-arm64/-/rollup-darwin-arm64-4.14.0.tgz",
      "integrity": "sha512-BcnSPRM76/cD2gQC+rQNGBN6GStBs2pl/FpweW8JYuz5J/IEa0Fr4AtrPv766DB/6b2MZ/AfSIOSGw3nEIP8SA==",
      "cpu": [
        "arm64"
      ],
      "dev": true,
      "optional": true,
      "os": [
        "darwin"
      ]
    },
    "node_modules/@rollup/rollup-darwin-x64": {
      "version": "4.14.0",
      "resolved": "https://registry.npmjs.org/@rollup/rollup-darwin-x64/-/rollup-darwin-x64-4.14.0.tgz",
      "integrity": "sha512-LDyFB9GRolGN7XI6955aFeI3wCdCUszFWumWU0deHA8VpR3nWRrjG6GtGjBrQxQKFevnUTHKCfPR4IvrW3kCgQ==",
      "cpu": [
        "x64"
      ],
      "dev": true,
      "optional": true,
      "os": [
        "darwin"
      ]
    },
    "node_modules/@rollup/rollup-linux-arm-gnueabihf": {
      "version": "4.14.0",
      "resolved": "https://registry.npmjs.org/@rollup/rollup-linux-arm-gnueabihf/-/rollup-linux-arm-gnueabihf-4.14.0.tgz",
      "integrity": "sha512-ygrGVhQP47mRh0AAD0zl6QqCbNsf0eTo+vgwkY6LunBcg0f2Jv365GXlDUECIyoXp1kKwL5WW6rsO429DBY/bA==",
      "cpu": [
        "arm"
      ],
      "dev": true,
      "optional": true,
      "os": [
        "linux"
      ]
    },
    "node_modules/@rollup/rollup-linux-arm64-gnu": {
      "version": "4.14.0",
      "resolved": "https://registry.npmjs.org/@rollup/rollup-linux-arm64-gnu/-/rollup-linux-arm64-gnu-4.14.0.tgz",
      "integrity": "sha512-x+uJ6MAYRlHGe9wi4HQjxpaKHPM3d3JjqqCkeC5gpnnI6OWovLdXTpfa8trjxPLnWKyBsSi5kne+146GAxFt4A==",
      "cpu": [
        "arm64"
      ],
      "dev": true,
      "optional": true,
      "os": [
        "linux"
      ]
    },
    "node_modules/@rollup/rollup-linux-arm64-musl": {
      "version": "4.14.0",
      "resolved": "https://registry.npmjs.org/@rollup/rollup-linux-arm64-musl/-/rollup-linux-arm64-musl-4.14.0.tgz",
      "integrity": "sha512-nrRw8ZTQKg6+Lttwqo6a2VxR9tOroa2m91XbdQ2sUUzHoedXlsyvY1fN4xWdqz8PKmf4orDwejxXHjh7YBGUCA==",
      "cpu": [
        "arm64"
      ],
      "dev": true,
      "optional": true,
      "os": [
        "linux"
      ]
    },
    "node_modules/@rollup/rollup-linux-powerpc64le-gnu": {
      "version": "4.14.0",
      "resolved": "https://registry.npmjs.org/@rollup/rollup-linux-powerpc64le-gnu/-/rollup-linux-powerpc64le-gnu-4.14.0.tgz",
      "integrity": "sha512-xV0d5jDb4aFu84XKr+lcUJ9y3qpIWhttO3Qev97z8DKLXR62LC3cXT/bMZXrjLF9X+P5oSmJTzAhqwUbY96PnA==",
      "cpu": [
        "ppc64le"
      ],
      "dev": true,
      "optional": true,
      "os": [
        "linux"
      ]
    },
    "node_modules/@rollup/rollup-linux-riscv64-gnu": {
      "version": "4.14.0",
      "resolved": "https://registry.npmjs.org/@rollup/rollup-linux-riscv64-gnu/-/rollup-linux-riscv64-gnu-4.14.0.tgz",
      "integrity": "sha512-SDDhBQwZX6LPRoPYjAZWyL27LbcBo7WdBFWJi5PI9RPCzU8ijzkQn7tt8NXiXRiFMJCVpkuMkBf4OxSxVMizAw==",
      "cpu": [
        "riscv64"
      ],
      "dev": true,
      "optional": true,
      "os": [
        "linux"
      ]
    },
    "node_modules/@rollup/rollup-linux-s390x-gnu": {
      "version": "4.14.0",
      "resolved": "https://registry.npmjs.org/@rollup/rollup-linux-s390x-gnu/-/rollup-linux-s390x-gnu-4.14.0.tgz",
      "integrity": "sha512-RxB/qez8zIDshNJDufYlTT0ZTVut5eCpAZ3bdXDU9yTxBzui3KhbGjROK2OYTTor7alM7XBhssgoO3CZ0XD3qA==",
      "cpu": [
        "s390x"
      ],
      "dev": true,
      "optional": true,
      "os": [
        "linux"
      ]
    },
    "node_modules/@rollup/rollup-linux-x64-gnu": {
      "version": "4.14.0",
      "resolved": "https://registry.npmjs.org/@rollup/rollup-linux-x64-gnu/-/rollup-linux-x64-gnu-4.14.0.tgz",
      "integrity": "sha512-C6y6z2eCNCfhZxT9u+jAM2Fup89ZjiG5pIzZIDycs1IwESviLxwkQcFRGLjnDrP+PT+v5i4YFvlcfAs+LnreXg==",
      "cpu": [
        "x64"
      ],
      "dev": true,
      "optional": true,
      "os": [
        "linux"
      ]
    },
    "node_modules/@rollup/rollup-linux-x64-musl": {
      "version": "4.14.0",
      "resolved": "https://registry.npmjs.org/@rollup/rollup-linux-x64-musl/-/rollup-linux-x64-musl-4.14.0.tgz",
      "integrity": "sha512-i0QwbHYfnOMYsBEyjxcwGu5SMIi9sImDVjDg087hpzXqhBSosxkE7gyIYFHgfFl4mr7RrXksIBZ4DoLoP4FhJg==",
      "cpu": [
        "x64"
      ],
      "dev": true,
      "optional": true,
      "os": [
        "linux"
      ]
    },
    "node_modules/@rollup/rollup-win32-arm64-msvc": {
      "version": "4.14.0",
      "resolved": "https://registry.npmjs.org/@rollup/rollup-win32-arm64-msvc/-/rollup-win32-arm64-msvc-4.14.0.tgz",
      "integrity": "sha512-Fq52EYb0riNHLBTAcL0cun+rRwyZ10S9vKzhGKKgeD+XbwunszSY0rVMco5KbOsTlwovP2rTOkiII/fQ4ih/zQ==",
      "cpu": [
        "arm64"
      ],
      "dev": true,
      "optional": true,
      "os": [
        "win32"
      ]
    },
    "node_modules/@rollup/rollup-win32-ia32-msvc": {
      "version": "4.14.0",
      "resolved": "https://registry.npmjs.org/@rollup/rollup-win32-ia32-msvc/-/rollup-win32-ia32-msvc-4.14.0.tgz",
      "integrity": "sha512-e/PBHxPdJ00O9p5Ui43+vixSgVf4NlLsmV6QneGERJ3lnjIua/kim6PRFe3iDueT1rQcgSkYP8ZBBXa/h4iPvw==",
      "cpu": [
        "ia32"
      ],
      "dev": true,
      "optional": true,
      "os": [
        "win32"
      ]
    },
    "node_modules/@rollup/rollup-win32-x64-msvc": {
      "version": "4.14.0",
      "resolved": "https://registry.npmjs.org/@rollup/rollup-win32-x64-msvc/-/rollup-win32-x64-msvc-4.14.0.tgz",
      "integrity": "sha512-aGg7iToJjdklmxlUlJh/PaPNa4PmqHfyRMLunbL3eaMO0gp656+q1zOKkpJ/CVe9CryJv6tAN1HDoR8cNGzkag==",
      "cpu": [
        "x64"
      ],
      "dev": true,
      "optional": true,
      "os": [
        "win32"
      ]
    },
    "node_modules/@types/estree": {
      "version": "1.0.5",
      "resolved": "https://registry.npmjs.org/@types/estree/-/estree-1.0.5.tgz",
      "integrity": "sha512-/kYRxGDLWzHOB7q+wtSUQlFrtcdUccpfy+X+9iMBpHK8QLLhx2wIPYuS5DYtR9Wa/YlZAbIovy7qVdB1Aq6Lyw==",
      "dev": true
    },
    "node_modules/@types/resolve": {
      "version": "1.20.2",
      "resolved": "https://registry.npmjs.org/@types/resolve/-/resolve-1.20.2.tgz",
      "integrity": "sha512-60BCwRFOZCQhDncwQdxxeOEEkbc5dIMccYLwbxsS4TUNeVECQ/pBJ0j09mrHOl/JJvpRPGwO9SvE4nR2Nb/a4Q==",
      "dev": true
    },
    "node_modules/@vipen/js-and-web-runtime": {
      "version": "0.14.0",
      "resolved": "https://registry.npmjs.org/@vipen/js-and-web-runtime/-/js-and-web-runtime-0.14.0.tgz",
      "integrity": "sha512-NrH/oqG6z9C1A8HOiR1X0sCcYWZy53WTlYE/nQY944O/CXkyKd05dxOwBci4y9txebQVM61wMnhA8uNYZ7KhTQ==",
      "dev": true,
      "dependencies": {
        "@anio-js-foundation/create-temporary-resource": "^2.0.0",
        "@anio-node-foundation/fs-scandir": "^2.0.1",
        "@anio-node-foundation/fs-utils": "^2.2.0",
        "@rollup/plugin-node-resolve": "^15.2.3",
        "rollup": "^4.13.0"
      }
    },
    "node_modules/@vipen/js-and-web-runtime/node_modules/@anio-node-foundation/fs-scandir": {
      "version": "2.0.1",
      "resolved": "https://registry.npmjs.org/@anio-node-foundation/fs-scandir/-/fs-scandir-2.0.1.tgz",
      "integrity": "sha512-XjrYKZitPyHQPqeDTxm/8O8yEr0GnDedRZdfkjvVxE8Pp47osfcmfx2X5mIDbIpR63G0UjD8lruMtwuBFJ3KTQ==",
      "dev": true
    },
    "node_modules/@vipen/js-and-web-runtime/node_modules/@anio-node-foundation/fs-utils": {
      "version": "2.2.0",
      "resolved": "https://registry.npmjs.org/@anio-node-foundation/fs-utils/-/fs-utils-2.2.0.tgz",
      "integrity": "sha512-0g7tJSgp1GUNcITP+qEPZdp2UYUWmq8bdjqM9E67jbGVpXqq9w4fcLJwpya0i1AknxRfzcybwwU1uTbBgwrAeA==",
      "dev": true
    },
    "node_modules/@vipen/target-js": {
      "version": "0.18.0",
      "resolved": "https://registry.npmjs.org/@vipen/target-js/-/target-js-0.18.0.tgz",
      "integrity": "sha512-LWbwESfMxyIFqLzzTk6Q8Y2fTz3HrHpD/yOXnERITNhDD0TXfA15gt5L/qJO3iR6zx3+kp0UWV1ASX+TFDcDyg==",
      "bundleDependencies": [
        "@anio-js-foundation/create-modifier-function",
        "@anio-js-foundation/create-named-anonymous-function"
      ],
      "dev": true,
      "dependencies": {
        "@anio-js-foundation/alphabet-identifier-generator": "^1.0.0",
        "@anio-js-foundation/create-modifier-function": "^2.0.0",
        "@anio-js-foundation/create-named-anonymous-function": "^2.0.0",
        "@anio-js-foundation/generate-object-literal": "^1.1.0",
        "@anio-js-foundation/strip-suffix": "^3.0.1",
        "@anio-node-foundation/fs-find-nearest-file": "^4.0.0",
        "@anio-node-foundation/fs-scandir": "^3.0.0",
        "@anio-node-foundation/fs-utils": "^3.0.0",
        "@rollup/plugin-node-resolve": "^15.2.3",
        "@rollup/plugin-terser": "^0.4.4",
        "@vipen/js-and-web-runtime": "^0.14.0",
        "rollup": "^4.13.1",
        "rollup-plugin-dts": "^6.1.0"
      }
    },
    "node_modules/@vipen/target-js/node_modules/@anio-js-foundation/create-modifier-function": {
      "version": "2.0.0",
      "dev": true,
      "inBundle": true,
      "license": "MIT"
    },
    "node_modules/@vipen/target-js/node_modules/@anio-js-foundation/create-named-anonymous-function": {
      "version": "2.0.0",
      "dev": true,
      "inBundle": true,
      "license": "MIT"
    },
    "node_modules/@vipen/target-js/node_modules/@anio-node-foundation/fs-find-nearest-file": {
      "version": "4.0.0",
      "resolved": "https://registry.npmjs.org/@anio-node-foundation/fs-find-nearest-file/-/fs-find-nearest-file-4.0.0.tgz",
      "integrity": "sha512-SfP4tCjW/tjp+7hXp1U8EX/Jh5rwDuUpGlYTvpiKzLHrc8GYD/S1mWf19Zu3/BOqZWK7PJHy4MTElker/wI8uw==",
      "dev": true
    },
    "node_modules/acorn": {
      "version": "8.11.3",
      "resolved": "https://registry.npmjs.org/acorn/-/acorn-8.11.3.tgz",
      "integrity": "sha512-Y9rRfJG5jcKOE0CLisYbojUjIrIEE7AGMzA/Sm4BslANhbS+cDMpgBdcPT91oJ7OuJ9hYJBx59RjbhxVnrF8Xg==",
      "dev": true,
      "bin": {
        "acorn": "bin/acorn"
      },
      "engines": {
        "node": ">=0.4.0"
      }
    },
    "node_modules/ansi-styles": {
      "version": "3.2.1",
      "resolved": "https://registry.npmjs.org/ansi-styles/-/ansi-styles-3.2.1.tgz",
      "integrity": "sha512-VT0ZI6kZRdTh8YyJw3SMbYm/u+NqfsAxEpWO0Pf9sq8/e94WxxOpPKx9FR1FlyCtOVDNOQ+8ntlqFxiRc+r5qA==",
      "dev": true,
      "optional": true,
      "dependencies": {
        "color-convert": "^1.9.0"
      },
      "engines": {
        "node": ">=4"
      }
    },
    "node_modules/buffer-from": {
      "version": "1.1.2",
      "resolved": "https://registry.npmjs.org/buffer-from/-/buffer-from-1.1.2.tgz",
      "integrity": "sha512-E+XQCRwSbaaiChtv6k6Dwgc+bx+Bs6vuKJHHl5kox/BaKbhiXzqQOwK4cO22yElGp2OCmjwVhT3HmxgyPGnJfQ==",
      "dev": true
    },
    "node_modules/builtin-modules": {
      "version": "3.3.0",
      "resolved": "https://registry.npmjs.org/builtin-modules/-/builtin-modules-3.3.0.tgz",
      "integrity": "sha512-zhaCDicdLuWN5UbN5IMnFqNMhNfo919sH85y2/ea+5Yg9TsTkeZxpL+JLbp6cgYFS4sRLp3YV4S6yDuqVWHYOw==",
      "dev": true,
      "engines": {
        "node": ">=6"
      },
      "funding": {
        "url": "https://github.com/sponsors/sindresorhus"
      }
    },
    "node_modules/chalk": {
      "version": "2.4.2",
      "resolved": "https://registry.npmjs.org/chalk/-/chalk-2.4.2.tgz",
      "integrity": "sha512-Mti+f9lpJNcwF4tWV8/OrTTtF1gZi+f8FqlyAdouralcFWFQWF2+NgCHShjkCb+IFBLq9buZwE1xckQU4peSuQ==",
      "dev": true,
      "optional": true,
      "dependencies": {
        "ansi-styles": "^3.2.1",
        "escape-string-regexp": "^1.0.5",
        "supports-color": "^5.3.0"
      },
      "engines": {
        "node": ">=4"
      }
    },
    "node_modules/color-convert": {
      "version": "1.9.3",
      "resolved": "https://registry.npmjs.org/color-convert/-/color-convert-1.9.3.tgz",
      "integrity": "sha512-QfAUtd+vFdAtFQcC8CCyYt1fYWxSqAiK2cSD6zDB8N3cpsEBAvRxp9zOGg6G/SHHJYAT88/az/IuDGALsNVbGg==",
      "dev": true,
      "optional": true,
      "dependencies": {
        "color-name": "1.1.3"
      }
    },
    "node_modules/color-name": {
      "version": "1.1.3",
      "resolved": "https://registry.npmjs.org/color-name/-/color-name-1.1.3.tgz",
      "integrity": "sha512-72fSenhMw2HZMTVHeCA9KCmpEIbzWiQsjN+BHcBbS9vr1mtt+vJjPdksIBNUmKAW8TFUDPJK5SUU3QhE9NEXDw==",
      "dev": true,
      "optional": true
    },
    "node_modules/commander": {
      "version": "2.20.3",
      "resolved": "https://registry.npmjs.org/commander/-/commander-2.20.3.tgz",
      "integrity": "sha512-GpVkmM8vF2vQUkj2LvZmD35JxeJOLCwJ9cUkugyk2nuhbv3+mJvpLYYt+0+USMxE+oj+ey/lJEnhZw75x/OMcQ==",
      "dev": true
    },
    "node_modules/deepmerge": {
      "version": "4.3.1",
      "resolved": "https://registry.npmjs.org/deepmerge/-/deepmerge-4.3.1.tgz",
      "integrity": "sha512-3sUqbMEc77XqpdNO7FRyRog+eW3ph+GYCbj+rK+uYyRMuwsVy0rMiVtPn+QJlKFvWP/1PYpapqYn0Me2knFn+A==",
      "dev": true,
      "engines": {
        "node": ">=0.10.0"
      }
    },
    "node_modules/escape-string-regexp": {
      "version": "1.0.5",
      "resolved": "https://registry.npmjs.org/escape-string-regexp/-/escape-string-regexp-1.0.5.tgz",
      "integrity": "sha512-vbRorB5FUQWvla16U8R/qgaFIya2qGzwDrNmCZuYKrbdSUMG6I1ZCGQRefkRVhuOkIGVne7BQ35DSfo1qvJqFg==",
      "dev": true,
      "optional": true,
      "engines": {
        "node": ">=0.8.0"
      }
    },
    "node_modules/estree-walker": {
      "version": "2.0.2",
      "resolved": "https://registry.npmjs.org/estree-walker/-/estree-walker-2.0.2.tgz",
      "integrity": "sha512-Rfkk/Mp/DL7JVje3u18FxFujQlTNR2q6QfMSMB7AvCBx91NGj/ba3kCfza0f6dVDbw7YlRf/nDrn7pQrCCyQ/w==",
      "dev": true
    },
    "node_modules/fsevents": {
      "version": "2.3.3",
      "resolved": "https://registry.npmjs.org/fsevents/-/fsevents-2.3.3.tgz",
      "integrity": "sha512-5xoDfX+fL7faATnagmWPpbFtwh/R77WmMMqqHGS65C3vvB0YHrgF+B1YmZ3441tMj5n63k0212XNoJwzlhffQw==",
      "dev": true,
      "hasInstallScript": true,
      "optional": true,
      "os": [
        "darwin"
      ],
      "engines": {
        "node": "^8.16.0 || ^10.6.0 || >=11.0.0"
      }
    },
    "node_modules/function-bind": {
      "version": "1.1.2",
      "resolved": "https://registry.npmjs.org/function-bind/-/function-bind-1.1.2.tgz",
      "integrity": "sha512-7XHNxH7qX9xG5mIwxkhumTox/MIRNcOgDrxWsMt2pAr23WHp6MrRlN7FBSFpCpr+oVO0F744iUgR82nJMfG2SA==",
      "dev": true,
      "funding": {
        "url": "https://github.com/sponsors/ljharb"
      }
    },
    "node_modules/has-flag": {
      "version": "3.0.0",
      "resolved": "https://registry.npmjs.org/has-flag/-/has-flag-3.0.0.tgz",
      "integrity": "sha512-sKJf1+ceQBr4SMkvQnBDNDtf4TXpVhVGateu0t918bl30FnbE2m4vNLX+VWe/dpjlb+HugGYzW7uQXH98HPEYw==",
      "dev": true,
      "optional": true,
      "engines": {
        "node": ">=4"
      }
    },
    "node_modules/hasown": {
      "version": "2.0.2",
      "resolved": "https://registry.npmjs.org/hasown/-/hasown-2.0.2.tgz",
      "integrity": "sha512-0hJU9SCPvmMzIBdZFqNPXWa6dqh7WdH0cII9y+CyS8rG3nL48Bclra9HmKhVVUHyPWNH5Y7xDwAB7bfgSjkUMQ==",
      "dev": true,
      "dependencies": {
        "function-bind": "^1.1.2"
      },
      "engines": {
        "node": ">= 0.4"
      }
    },
    "node_modules/is-builtin-module": {
      "version": "3.2.1",
      "resolved": "https://registry.npmjs.org/is-builtin-module/-/is-builtin-module-3.2.1.tgz",
      "integrity": "sha512-BSLE3HnV2syZ0FK0iMA/yUGplUeMmNz4AW5fnTunbCIqZi4vG3WjJT9FHMy5D69xmAYBHXQhJdALdpwVxV501A==",
      "dev": true,
      "dependencies": {
        "builtin-modules": "^3.3.0"
      },
      "engines": {
        "node": ">=6"
      },
      "funding": {
        "url": "https://github.com/sponsors/sindresorhus"
      }
    },
    "node_modules/is-core-module": {
      "version": "2.13.1",
      "resolved": "https://registry.npmjs.org/is-core-module/-/is-core-module-2.13.1.tgz",
      "integrity": "sha512-hHrIjvZsftOsvKSn2TRYl63zvxsgE0K+0mYMoH6gD4omR5IWB2KynivBQczo3+wF1cCkjzvptnI9Q0sPU66ilw==",
      "dev": true,
      "dependencies": {
        "hasown": "^2.0.0"
      },
      "funding": {
        "url": "https://github.com/sponsors/ljharb"
      }
    },
    "node_modules/is-module": {
      "version": "1.0.0",
      "resolved": "https://registry.npmjs.org/is-module/-/is-module-1.0.0.tgz",
      "integrity": "sha512-51ypPSPCoTEIN9dy5Oy+h4pShgJmPCygKfyRCISBI+JoWT/2oJvK8QPxmwv7b/p239jXrm9M1mlQbyKJ5A152g==",
      "dev": true
    },
    "node_modules/js-tokens": {
      "version": "4.0.0",
      "resolved": "https://registry.npmjs.org/js-tokens/-/js-tokens-4.0.0.tgz",
      "integrity": "sha512-RdJUflcE3cUzKiMqQgsCu06FPu9UdIJO0beYbPhHN4k6apgJtifcoCtT9bcxOpYBtpD2kCM6Sbzg4CausW/PKQ==",
      "dev": true,
      "optional": true
    },
    "node_modules/magic-string": {
      "version": "0.30.9",
      "resolved": "https://registry.npmjs.org/magic-string/-/magic-string-0.30.9.tgz",
      "integrity": "sha512-S1+hd+dIrC8EZqKyT9DstTH/0Z+f76kmmvZnkfQVmOpDEF9iVgdYif3Q/pIWHmCoo59bQVGW0kVL3e2nl+9+Sw==",
      "dev": true,
      "dependencies": {
        "@jridgewell/sourcemap-codec": "^1.4.15"
      },
      "engines": {
        "node": ">=12"
      }
    },
    "node_modules/path-parse": {
      "version": "1.0.7",
      "resolved": "https://registry.npmjs.org/path-parse/-/path-parse-1.0.7.tgz",
      "integrity": "sha512-LDJzPVEEEPR+y48z93A0Ed0yXb8pAByGWo/k5YYdYgpY2/2EsOsksJrq7lOHxryrVOn1ejG6oAp8ahvOIQD8sw==",
      "dev": true
    },
    "node_modules/picocolors": {
      "version": "1.0.0",
      "resolved": "https://registry.npmjs.org/picocolors/-/picocolors-1.0.0.tgz",
      "integrity": "sha512-1fygroTLlHu66zi26VoTDv8yRgm0Fccecssto+MhsZ0D/DGW2sm8E8AjW7NU5VVTRt5GxbeZ5qBuJr+HyLYkjQ==",
      "dev": true,
      "optional": true
    },
    "node_modules/picomatch": {
      "version": "2.3.1",
      "resolved": "https://registry.npmjs.org/picomatch/-/picomatch-2.3.1.tgz",
      "integrity": "sha512-JU3teHTNjmE2VCGFzuY8EXzCDVwEqB2a8fsIvwaStHhAWJEeVd1o1QD80CU6+ZdEXXSLbSsuLwJjkCBWqRQUVA==",
      "dev": true,
      "engines": {
        "node": ">=8.6"
      },
      "funding": {
        "url": "https://github.com/sponsors/jonschlinkert"
      }
    },
    "node_modules/randombytes": {
      "version": "2.1.0",
      "resolved": "https://registry.npmjs.org/randombytes/-/randombytes-2.1.0.tgz",
      "integrity": "sha512-vYl3iOX+4CKUWuxGi9Ukhie6fsqXqS9FE2Zaic4tNFD2N2QQaXOMFbuKK4QmDHC0JO6B1Zp41J0LpT0oR68amQ==",
      "dev": true,
      "dependencies": {
        "safe-buffer": "^5.1.0"
      }
    },
    "node_modules/resolve": {
      "version": "1.22.8",
      "resolved": "https://registry.npmjs.org/resolve/-/resolve-1.22.8.tgz",
      "integrity": "sha512-oKWePCxqpd6FlLvGV1VU0x7bkPmmCNolxzjMf4NczoDnQcIWrAF+cPtZn5i6n+RfD2d9i0tzpKnG6Yk168yIyw==",
      "dev": true,
      "dependencies": {
        "is-core-module": "^2.13.0",
        "path-parse": "^1.0.7",
        "supports-preserve-symlinks-flag": "^1.0.0"
      },
      "bin": {
        "resolve": "bin/resolve"
      },
      "funding": {
        "url": "https://github.com/sponsors/ljharb"
      }
    },
    "node_modules/rollup": {
      "version": "4.14.0",
      "resolved": "https://registry.npmjs.org/rollup/-/rollup-4.14.0.tgz",
      "integrity": "sha512-Qe7w62TyawbDzB4yt32R0+AbIo6m1/sqO7UPzFS8Z/ksL5mrfhA0v4CavfdmFav3D+ub4QeAgsGEe84DoWe/nQ==",
      "dev": true,
      "dependencies": {
        "@types/estree": "1.0.5"
      },
      "bin": {
        "rollup": "dist/bin/rollup"
      },
      "engines": {
        "node": ">=18.0.0",
        "npm": ">=8.0.0"
      },
      "optionalDependencies": {
        "@rollup/rollup-android-arm-eabi": "4.14.0",
        "@rollup/rollup-android-arm64": "4.14.0",
        "@rollup/rollup-darwin-arm64": "4.14.0",
        "@rollup/rollup-darwin-x64": "4.14.0",
        "@rollup/rollup-linux-arm-gnueabihf": "4.14.0",
        "@rollup/rollup-linux-arm64-gnu": "4.14.0",
        "@rollup/rollup-linux-arm64-musl": "4.14.0",
        "@rollup/rollup-linux-powerpc64le-gnu": "4.14.0",
        "@rollup/rollup-linux-riscv64-gnu": "4.14.0",
        "@rollup/rollup-linux-s390x-gnu": "4.14.0",
        "@rollup/rollup-linux-x64-gnu": "4.14.0",
        "@rollup/rollup-linux-x64-musl": "4.14.0",
        "@rollup/rollup-win32-arm64-msvc": "4.14.0",
        "@rollup/rollup-win32-ia32-msvc": "4.14.0",
        "@rollup/rollup-win32-x64-msvc": "4.14.0",
        "fsevents": "~2.3.2"
      }
    },
    "node_modules/rollup-plugin-dts": {
      "version": "6.1.0",
      "resolved": "https://registry.npmjs.org/rollup-plugin-dts/-/rollup-plugin-dts-6.1.0.tgz",
      "integrity": "sha512-ijSCPICkRMDKDLBK9torss07+8dl9UpY9z1N/zTeA1cIqdzMlpkV3MOOC7zukyvQfDyxa1s3Dl2+DeiP/G6DOw==",
      "dev": true,
      "dependencies": {
        "magic-string": "^0.30.4"
      },
      "engines": {
        "node": ">=16"
      },
      "funding": {
        "url": "https://github.com/sponsors/Swatinem"
      },
      "optionalDependencies": {
        "@babel/code-frame": "^7.22.13"
      },
      "peerDependencies": {
        "rollup": "^3.29.4 || ^4",
        "typescript": "^4.5 || ^5.0"
      }
    },
    "node_modules/safe-buffer": {
      "version": "5.2.1",
      "resolved": "https://registry.npmjs.org/safe-buffer/-/safe-buffer-5.2.1.tgz",
      "integrity": "sha512-rp3So07KcdmmKbGvgaNxQSJr7bGVSVk5S9Eq1F+ppbRo70+YeaDxkw5Dd8NPN+GD6bjnYm2VuPuCXmpuYvmCXQ==",
      "dev": true,
      "funding": [
        {
          "type": "github",
          "url": "https://github.com/sponsors/feross"
        },
        {
          "type": "patreon",
          "url": "https://www.patreon.com/feross"
        },
        {
          "type": "consulting",
          "url": "https://feross.org/support"
        }
      ]
    },
    "node_modules/serialize-javascript": {
      "version": "6.0.2",
      "resolved": "https://registry.npmjs.org/serialize-javascript/-/serialize-javascript-6.0.2.tgz",
      "integrity": "sha512-Saa1xPByTTq2gdeFZYLLo+RFE35NHZkAbqZeWNd3BpzppeVisAqpDjcp8dyf6uIvEqJRd46jemmyA4iFIeVk8g==",
      "dev": true,
      "dependencies": {
        "randombytes": "^2.1.0"
      }
    },
    "node_modules/smob": {
      "version": "1.5.0",
      "resolved": "https://registry.npmjs.org/smob/-/smob-1.5.0.tgz",
      "integrity": "sha512-g6T+p7QO8npa+/hNx9ohv1E5pVCmWrVCUzUXJyLdMmftX6ER0oiWY/w9knEonLpnOp6b6FenKnMfR8gqwWdwig==",
      "dev": true
    },
    "node_modules/source-map": {
      "version": "0.6.1",
      "resolved": "https://registry.npmjs.org/source-map/-/source-map-0.6.1.tgz",
      "integrity": "sha512-UjgapumWlbMhkBgzT7Ykc5YXUT46F0iKu8SGXq0bcwP5dz/h0Plj6enJqjz1Zbq2l5WaqYnrVbwWOWMyF3F47g==",
      "dev": true,
      "engines": {
        "node": ">=0.10.0"
      }
    },
    "node_modules/source-map-support": {
      "version": "0.5.21",
      "resolved": "https://registry.npmjs.org/source-map-support/-/source-map-support-0.5.21.tgz",
      "integrity": "sha512-uBHU3L3czsIyYXKX88fdrGovxdSCoTGDRZ6SYXtSRxLZUzHg5P/66Ht6uoUlHu9EZod+inXhKo3qQgwXUT/y1w==",
      "dev": true,
      "dependencies": {
        "buffer-from": "^1.0.0",
        "source-map": "^0.6.0"
      }
    },
    "node_modules/supports-color": {
      "version": "5.5.0",
      "resolved": "https://registry.npmjs.org/supports-color/-/supports-color-5.5.0.tgz",
      "integrity": "sha512-QjVjwdXIt408MIiAqCX4oUKsgU2EqAGzs2Ppkm4aQYbjm+ZEWEcW4SfFNTr4uMNZma0ey4f5lgLrkB0aX0QMow==",
      "dev": true,
      "optional": true,
      "dependencies": {
        "has-flag": "^3.0.0"
      },
      "engines": {
        "node": ">=4"
      }
    },
    "node_modules/supports-preserve-symlinks-flag": {
      "version": "1.0.0",
      "resolved": "https://registry.npmjs.org/supports-preserve-symlinks-flag/-/supports-preserve-symlinks-flag-1.0.0.tgz",
      "integrity": "sha512-ot0WnXS9fgdkgIcePe6RHNk1WA8+muPa6cSjeR3V8K27q9BB1rTE3R1p7Hv0z1ZyAc8s6Vvv8DIyWf681MAt0w==",
      "dev": true,
      "engines": {
        "node": ">= 0.4"
      },
      "funding": {
        "url": "https://github.com/sponsors/ljharb"
      }
    },
    "node_modules/terser": {
      "version": "5.30.3",
      "resolved": "https://registry.npmjs.org/terser/-/terser-5.30.3.tgz",
      "integrity": "sha512-STdUgOUx8rLbMGO9IOwHLpCqolkDITFFQSMYYwKE1N2lY6MVSaeoi10z/EhWxRc6ybqoVmKSkhKYH/XUpl7vSA==",
      "dev": true,
      "dependencies": {
        "@jridgewell/source-map": "^0.3.3",
        "acorn": "^8.8.2",
        "commander": "^2.20.0",
        "source-map-support": "~0.5.20"
      },
      "bin": {
        "terser": "bin/terser"
      },
      "engines": {
        "node": ">=10"
      }
    },
    "node_modules/typescript": {
      "version": "5.4.4",
      "resolved": "https://registry.npmjs.org/typescript/-/typescript-5.4.4.tgz",
      "integrity": "sha512-dGE2Vv8cpVvw28v8HCPqyb08EzbBURxDpuhJvTrusShUfGnhHBafDsLdS1EhhxyL6BJQE+2cT3dDPAv+MQ6oLw==",
      "dev": true,
      "peer": true,
      "bin": {
        "tsc": "bin/tsc",
        "tsserver": "bin/tsserver"
      },
      "engines": {
        "node": ">=14.17"
      }
    },
    "node_modules/vipen": {
      "version": "0.2.4",
      "resolved": "https://registry.npmjs.org/vipen/-/vipen-0.2.4.tgz",
      "integrity": "sha512-yZwN2br7EB97zYKAajFxsaPblbGmfm/SHngjlKTdO7o5ahSGqEtAzpMZf2W3O/DL4uNRExHuYTqtIaVMadGzgQ==",
      "dev": true,
      "dependencies": {
        "@anio-js-foundation/str-colorize": "^2.1.0",
        "@anio-node-foundation/cli-parse-args": "^3.0.0",
        "@anio-software/fs": "^0.1.1"
      },
      "bin": {
        "vipen": "src/cli.mjs"
      }
    }
  }
}
